// !$*UTF8*$!
{
	archiveVersion = 1;
	classes = {
	};
	objectVersion = 46;
	objects = {

/* Begin PBXBuildFile section */
		9B0304A11C85314A00D341EF /* EditorViewController.swift in Sources */ = {isa = PBXBuildFile; fileRef = 9B0304A01C85314A00D341EF /* EditorViewController.swift */; };
		9B13ED891C7598F6007E5D65 /* NoteCell.swift in Sources */ = {isa = PBXBuildFile; fileRef = 9B13ED881C7598F6007E5D65 /* NoteCell.swift */; };
		9B13EDD11C783D52007E5D65 /* DBManager.swift in Sources */ = {isa = PBXBuildFile; fileRef = 9B13EDD01C783D52007E5D65 /* DBManager.swift */; };
		9B1FF1B31C803634003280E4 /* NoteCell.xib in Resources */ = {isa = PBXBuildFile; fileRef = 9B1FF1B21C803634003280E4 /* NoteCell.xib */; };
		9B6464831C7F317B00F2BB89 /* ClassesExtension.swift in Sources */ = {isa = PBXBuildFile; fileRef = 9B6464821C7F317B00F2BB89 /* ClassesExtension.swift */; };
		9BF2A7951C72F32200C014D3 /* AppDelegate.swift in Sources */ = {isa = PBXBuildFile; fileRef = 9BF2A7941C72F32200C014D3 /* AppDelegate.swift */; };
		9BF2A79A1C72F32200C014D3 /* Main.storyboard in Resources */ = {isa = PBXBuildFile; fileRef = 9BF2A7981C72F32200C014D3 /* Main.storyboard */; };
		9BF2A79C1C72F32200C014D3 /* Assets.xcassets in Resources */ = {isa = PBXBuildFile; fileRef = 9BF2A79B1C72F32200C014D3 /* Assets.xcassets */; };
		9BF2A79F1C72F32200C014D3 /* LaunchScreen.storyboard in Resources */ = {isa = PBXBuildFile; fileRef = 9BF2A79D1C72F32200C014D3 /* LaunchScreen.storyboard */; };
		9BF2A7A71C72F70000C014D3 /* Note.swift in Sources */ = {isa = PBXBuildFile; fileRef = 9BF2A7A61C72F70000C014D3 /* Note.swift */; };
		9BF2A7B31C73392800C014D3 /* NotesListViewController.swift in Sources */ = {isa = PBXBuildFile; fileRef = 9BF2A7B21C73392800C014D3 /* NotesListViewController.swift */; };
		EB72D1C7B4F07D70B4F3E73F /* Pods_OhNote.framework in Frameworks */ = {isa = PBXBuildFile; fileRef = 93677EFC46EBAE18301986C6 /* Pods_OhNote.framework */; };
/* End PBXBuildFile section */

/* Begin PBXFileReference section */
		93677EFC46EBAE18301986C6 /* Pods_OhNote.framework */ = {isa = PBXFileReference; explicitFileType = wrapper.framework; includeInIndex = 0; path = Pods_OhNote.framework; sourceTree = BUILT_PRODUCTS_DIR; };
		9595D002F38A18A7CB899EF0 /* Pods-OhNote.release.xcconfig */ = {isa = PBXFileReference; includeInIndex = 1; lastKnownFileType = text.xcconfig; name = "Pods-OhNote.release.xcconfig"; path = "Pods/Target Support Files/Pods-OhNote/Pods-OhNote.release.xcconfig"; sourceTree = "<group>"; };
		9B0304A01C85314A00D341EF /* EditorViewController.swift */ = {isa = PBXFileReference; fileEncoding = 4; lastKnownFileType = sourcecode.swift; path = EditorViewController.swift; sourceTree = "<group>"; };
		9B13ED881C7598F6007E5D65 /* NoteCell.swift */ = {isa = PBXFileReference; fileEncoding = 4; lastKnownFileType = sourcecode.swift; path = NoteCell.swift; sourceTree = "<group>"; };
		9B13EDD01C783D52007E5D65 /* DBManager.swift */ = {isa = PBXFileReference; fileEncoding = 4; lastKnownFileType = sourcecode.swift; path = DBManager.swift; sourceTree = "<group>"; };
		9B1FF1B21C803634003280E4 /* NoteCell.xib */ = {isa = PBXFileReference; fileEncoding = 4; lastKnownFileType = file.xib; path = NoteCell.xib; sourceTree = "<group>"; };
		9B6464821C7F317B00F2BB89 /* ClassesExtension.swift */ = {isa = PBXFileReference; fileEncoding = 4; lastKnownFileType = sourcecode.swift; path = ClassesExtension.swift; sourceTree = "<group>"; };
		9BF2A7911C72F32200C014D3 /* OhNote.app */ = {isa = PBXFileReference; explicitFileType = wrapper.application; includeInIndex = 0; path = OhNote.app; sourceTree = BUILT_PRODUCTS_DIR; };
		9BF2A7941C72F32200C014D3 /* AppDelegate.swift */ = {isa = PBXFileReference; lastKnownFileType = sourcecode.swift; path = AppDelegate.swift; sourceTree = "<group>"; };
		9BF2A7991C72F32200C014D3 /* Base */ = {isa = PBXFileReference; lastKnownFileType = file.storyboard; name = Base; path = Base.lproj/Main.storyboard; sourceTree = "<group>"; };
		9BF2A79B1C72F32200C014D3 /* Assets.xcassets */ = {isa = PBXFileReference; lastKnownFileType = folder.assetcatalog; path = Assets.xcassets; sourceTree = "<group>"; };
		9BF2A79E1C72F32200C014D3 /* Base */ = {isa = PBXFileReference; lastKnownFileType = file.storyboard; name = Base; path = Base.lproj/LaunchScreen.storyboard; sourceTree = "<group>"; };
		9BF2A7A01C72F32200C014D3 /* Info.plist */ = {isa = PBXFileReference; lastKnownFileType = text.plist.xml; path = Info.plist; sourceTree = "<group>"; };
		9BF2A7A61C72F70000C014D3 /* Note.swift */ = {isa = PBXFileReference; fileEncoding = 4; lastKnownFileType = sourcecode.swift; path = Note.swift; sourceTree = "<group>"; };
		9BF2A7B21C73392800C014D3 /* NotesListViewController.swift */ = {isa = PBXFileReference; fileEncoding = 4; lastKnownFileType = sourcecode.swift; path = NotesListViewController.swift; sourceTree = "<group>"; };
		A89E3EC23191666BE8C1258B /* Pods-OhNote.debug.xcconfig */ = {isa = PBXFileReference; includeInIndex = 1; lastKnownFileType = text.xcconfig; name = "Pods-OhNote.debug.xcconfig"; path = "Pods/Target Support Files/Pods-OhNote/Pods-OhNote.debug.xcconfig"; sourceTree = "<group>"; };
/* End PBXFileReference section */

/* Begin PBXFrameworksBuildPhase section */
		9BF2A78E1C72F32200C014D3 /* Frameworks */ = {
			isa = PBXFrameworksBuildPhase;
			buildActionMask = 2147483647;
			files = (
				EB72D1C7B4F07D70B4F3E73F /* Pods_OhNote.framework in Frameworks */,
			);
			runOnlyForDeploymentPostprocessing = 0;
		};
/* End PBXFrameworksBuildPhase section */

/* Begin PBXGroup section */
		7718E372C00D1ADAEC28E6C9 /* Frameworks */ = {
			isa = PBXGroup;
			children = (
				93677EFC46EBAE18301986C6 /* Pods_OhNote.framework */,
			);
			name = Frameworks;
			sourceTree = "<group>";
		};
		8D658AC2BAD81EFFE2D2D8E1 /* Pods */ = {
			isa = PBXGroup;
			children = (
				A89E3EC23191666BE8C1258B /* Pods-OhNote.debug.xcconfig */,
				9595D002F38A18A7CB899EF0 /* Pods-OhNote.release.xcconfig */,
			);
			name = Pods;
			sourceTree = "<group>";
		};
		9BF2A7881C72F32200C014D3 = {
			isa = PBXGroup;
			children = (
				9BF2A7931C72F32200C014D3 /* OhNote */,
				9BF2A7921C72F32200C014D3 /* Products */,
				8D658AC2BAD81EFFE2D2D8E1 /* Pods */,
				7718E372C00D1ADAEC28E6C9 /* Frameworks */,
			);
			sourceTree = "<group>";
		};
		9BF2A7921C72F32200C014D3 /* Products */ = {
			isa = PBXGroup;
			children = (
				9BF2A7911C72F32200C014D3 /* OhNote.app */,
			);
			name = Products;
			sourceTree = "<group>";
		};
		9BF2A7931C72F32200C014D3 /* OhNote */ = {
			isa = PBXGroup;
			children = (
				9BF2A7941C72F32200C014D3 /* AppDelegate.swift */,
				9BF2A7B21C73392800C014D3 /* NotesListViewController.swift */,
				9B0304A01C85314A00D341EF /* EditorViewController.swift */,
				9B6464821C7F317B00F2BB89 /* ClassesExtension.swift */,
				9B13EDD01C783D52007E5D65 /* DBManager.swift */,
				9BF2A7A61C72F70000C014D3 /* Note.swift */,
				9B13ED881C7598F6007E5D65 /* NoteCell.swift */,
				9B1FF1B21C803634003280E4 /* NoteCell.xib */,
				9BF2A7A01C72F32200C014D3 /* Info.plist */,
				9BF2A79B1C72F32200C014D3 /* Assets.xcassets */,
				9BF2A7981C72F32200C014D3 /* Main.storyboard */,
				9BF2A79D1C72F32200C014D3 /* LaunchScreen.storyboard */,
			);
			path = OhNote;
			sourceTree = "<group>";
		};
/* End PBXGroup section */

/* Begin PBXNativeTarget section */
		9BF2A7901C72F32200C014D3 /* OhNote */ = {
			isa = PBXNativeTarget;
			buildConfigurationList = 9BF2A7A31C72F32200C014D3 /* Build configuration list for PBXNativeTarget "OhNote" */;
			buildPhases = (
				DB48901E75413067DDC66133 /* Check Pods Manifest.lock */,
				9BF2A78D1C72F32200C014D3 /* Sources */,
				9BF2A78E1C72F32200C014D3 /* Frameworks */,
				9BF2A78F1C72F32200C014D3 /* Resources */,
				DEEE1D540D31B1B809EDCFA3 /* Embed Pods Frameworks */,
				054C978BD0338D4C6F93316B /* Copy Pods Resources */,
			);
			buildRules = (
			);
			dependencies = (
			);
			name = OhNote;
			productName = OhNote;
			productReference = 9BF2A7911C72F32200C014D3 /* OhNote.app */;
			productType = "com.apple.product-type.application";
		};
/* End PBXNativeTarget section */

/* Begin PBXProject section */
		9BF2A7891C72F32200C014D3 /* Project object */ = {
			isa = PBXProject;
			attributes = {
				LastSwiftUpdateCheck = 0720;
				LastUpgradeCheck = 0720;
				ORGANIZATIONNAME = "Weicheng Wu";
				TargetAttributes = {
					9BF2A7901C72F32200C014D3 = {
						CreatedOnToolsVersion = 7.2.1;
						DevelopmentTeam = 4JGF9PYXVN;
					};
				};
			};
			buildConfigurationList = 9BF2A78C1C72F32200C014D3 /* Build configuration list for PBXProject "OhNote" */;
			compatibilityVersion = "Xcode 3.2";
			developmentRegion = English;
			hasScannedForEncodings = 0;
			knownRegions = (
				en,
				Base,
			);
			mainGroup = 9BF2A7881C72F32200C014D3;
			productRefGroup = 9BF2A7921C72F32200C014D3 /* Products */;
			projectDirPath = "";
			projectRoot = "";
			targets = (
				9BF2A7901C72F32200C014D3 /* OhNote */,
			);
		};
/* End PBXProject section */

/* Begin PBXResourcesBuildPhase section */
		9BF2A78F1C72F32200C014D3 /* Resources */ = {
			isa = PBXResourcesBuildPhase;
			buildActionMask = 2147483647;
			files = (
				9BF2A79F1C72F32200C014D3 /* LaunchScreen.storyboard in Resources */,
				9B1FF1B31C803634003280E4 /* NoteCell.xib in Resources */,
				9BF2A79C1C72F32200C014D3 /* Assets.xcassets in Resources */,
				9BF2A79A1C72F32200C014D3 /* Main.storyboard in Resources */,
			);
			runOnlyForDeploymentPostprocessing = 0;
		};
/* End PBXResourcesBuildPhase section */

/* Begin PBXShellScriptBuildPhase section */
		054C978BD0338D4C6F93316B /* Copy Pods Resources */ = {
			isa = PBXShellScriptBuildPhase;
			buildActionMask = 2147483647;
			files = (
			);
			inputPaths = (
			);
			name = "Copy Pods Resources";
			outputPaths = (
			);
			runOnlyForDeploymentPostprocessing = 0;
			shellPath = /bin/sh;
			shellScript = "\"${SRCROOT}/Pods/Target Support Files/Pods-OhNote/Pods-OhNote-resources.sh\"\n";
			showEnvVarsInLog = 0;
		};
		DB48901E75413067DDC66133 /* Check Pods Manifest.lock */ = {
			isa = PBXShellScriptBuildPhase;
			buildActionMask = 2147483647;
			files = (
			);
			inputPaths = (
			);
			name = "Check Pods Manifest.lock";
			outputPaths = (
			);
			runOnlyForDeploymentPostprocessing = 0;
			shellPath = /bin/sh;
			shellScript = "diff \"${PODS_ROOT}/../Podfile.lock\" \"${PODS_ROOT}/Manifest.lock\" > /dev/null\nif [[ $? != 0 ]] ; then\n    cat << EOM\nerror: The sandbox is not in sync with the Podfile.lock. Run 'pod install' or update your CocoaPods installation.\nEOM\n    exit 1\nfi\n";
			showEnvVarsInLog = 0;
		};
		DEEE1D540D31B1B809EDCFA3 /* Embed Pods Frameworks */ = {
			isa = PBXShellScriptBuildPhase;
			buildActionMask = 2147483647;
			files = (
			);
			inputPaths = (
			);
			name = "Embed Pods Frameworks";
			outputPaths = (
			);
			runOnlyForDeploymentPostprocessing = 0;
			shellPath = /bin/sh;
			shellScript = "\"${SRCROOT}/Pods/Target Support Files/Pods-OhNote/Pods-OhNote-frameworks.sh\"\n";
			showEnvVarsInLog = 0;
		};
/* End PBXShellScriptBuildPhase section */

/* Begin PBXSourcesBuildPhase section */
		9BF2A78D1C72F32200C014D3 /* Sources */ = {
			isa = PBXSourcesBuildPhase;
			buildActionMask = 2147483647;
			files = (
				9BF2A7951C72F32200C014D3 /* AppDelegate.swift in Sources */,
				9BF2A7B31C73392800C014D3 /* NotesListViewController.swift in Sources */,
				9B6464831C7F317B00F2BB89 /* ClassesExtension.swift in Sources */,
				9BF2A7A71C72F70000C014D3 /* Note.swift in Sources */,
				9B13ED891C7598F6007E5D65 /* NoteCell.swift in Sources */,
				9B13EDD11C783D52007E5D65 /* DBManager.swift in Sources */,
				9B0304A11C85314A00D341EF /* EditorViewController.swift in Sources */,
			);
			runOnlyForDeploymentPostprocessing = 0;
		};
/* End PBXSourcesBuildPhase section */

/* Begin PBXVariantGroup section */
		9BF2A7981C72F32200C014D3 /* Main.storyboard */ = {
			isa = PBXVariantGroup;
			children = (
				9BF2A7991C72F32200C014D3 /* Base */,
			);
			name = Main.storyboard;
			sourceTree = "<group>";
		};
		9BF2A79D1C72F32200C014D3 /* LaunchScreen.storyboard */ = {
			isa = PBXVariantGroup;
			children = (
				9BF2A79E1C72F32200C014D3 /* Base */,
			);
			name = LaunchScreen.storyboard;
			sourceTree = "<group>";
		};
/* End PBXVariantGroup section */

/* Begin XCBuildConfiguration section */
		9BF2A7A11C72F32200C014D3 /* Debug */ = {
			isa = XCBuildConfiguration;
			buildSettings = {
				ALWAYS_SEARCH_USER_PATHS = NO;
				CLANG_CXX_LANGUAGE_STANDARD = "gnu++0x";
				CLANG_CXX_LIBRARY = "libc++";
				CLANG_ENABLE_MODULES = YES;
				CLANG_ENABLE_OBJC_ARC = YES;
				CLANG_WARN_BOOL_CONVERSION = YES;
				CLANG_WARN_CONSTANT_CONVERSION = YES;
				CLANG_WARN_DIRECT_OBJC_ISA_USAGE = YES_ERROR;
				CLANG_WARN_EMPTY_BODY = YES;
				CLANG_WARN_ENUM_CONVERSION = YES;
				CLANG_WARN_INT_CONVERSION = YES;
				CLANG_WARN_OBJC_ROOT_CLASS = YES_ERROR;
				CLANG_WARN_UNREACHABLE_CODE = YES;
				CLANG_WARN__DUPLICATE_METHOD_MATCH = YES;
				"CODE_SIGN_IDENTITY[sdk=iphoneos*]" = "iPhone Developer";
				COPY_PHASE_STRIP = NO;
				DEBUG_INFORMATION_FORMAT = dwarf;
				ENABLE_STRICT_OBJC_MSGSEND = YES;
				ENABLE_TESTABILITY = YES;
				GCC_C_LANGUAGE_STANDARD = gnu99;
				GCC_DYNAMIC_NO_PIC = NO;
				GCC_NO_COMMON_BLOCKS = YES;
				GCC_OPTIMIZATION_LEVEL = 0;
				GCC_PREPROCESSOR_DEFINITIONS = (
					"DEBUG=1",
					"$(inherited)",
				);
				GCC_WARN_64_TO_32_BIT_CONVERSION = YES;
				GCC_WARN_ABOUT_RETURN_TYPE = YES_ERROR;
				GCC_WARN_UNDECLARED_SELECTOR = YES;
				GCC_WARN_UNINITIALIZED_AUTOS = YES_AGGRESSIVE;
				GCC_WARN_UNUSED_FUNCTION = YES;
				GCC_WARN_UNUSED_VARIABLE = YES;
				IPHONEOS_DEPLOYMENT_TARGET = 9.2;
				MTL_ENABLE_DEBUG_INFO = YES;
				ONLY_ACTIVE_ARCH = YES;
				SDKROOT = iphoneos;
				SWIFT_OPTIMIZATION_LEVEL = "-Onone";
			};
			name = Debug;
		};
		9BF2A7A21C72F32200C014D3 /* Release */ = {
			isa = XCBuildConfiguration;
			buildSettings = {
				ALWAYS_SEARCH_USER_PATHS = NO;
				CLANG_CXX_LANGUAGE_STANDARD = "gnu++0x";
				CLANG_CXX_LIBRARY = "libc++";
				CLANG_ENABLE_MODULES = YES;
				CLANG_ENABLE_OBJC_ARC = YES;
				CLANG_WARN_BOOL_CONVERSION = YES;
				CLANG_WARN_CONSTANT_CONVERSION = YES;
				CLANG_WARN_DIRECT_OBJC_ISA_USAGE = YES_ERROR;
				CLANG_WARN_EMPTY_BODY = YES;
				CLANG_WARN_ENUM_CONVERSION = YES;
				CLANG_WARN_INT_CONVERSION = YES;
				CLANG_WARN_OBJC_ROOT_CLASS = YES_ERROR;
				CLANG_WARN_UNREACHABLE_CODE = YES;
				CLANG_WARN__DUPLICATE_METHOD_MATCH = YES;
				"CODE_SIGN_IDENTITY[sdk=iphoneos*]" = "iPhone Developer";
				COPY_PHASE_STRIP = NO;
				DEBUG_INFORMATION_FORMAT = "dwarf-with-dsym";
				ENABLE_NS_ASSERTIONS = NO;
				ENABLE_STRICT_OBJC_MSGSEND = YES;
				GCC_C_LANGUAGE_STANDARD = gnu99;
				GCC_NO_COMMON_BLOCKS = YES;
				GCC_WARN_64_TO_32_BIT_CONVERSION = YES;
				GCC_WARN_ABOUT_RETURN_TYPE = YES_ERROR;
				GCC_WARN_UNDECLARED_SELECTOR = YES;
				GCC_WARN_UNINITIALIZED_AUTOS = YES_AGGRESSIVE;
				GCC_WARN_UNUSED_FUNCTION = YES;
				GCC_WARN_UNUSED_VARIABLE = YES;
				IPHONEOS_DEPLOYMENT_TARGET = 9.2;
				MTL_ENABLE_DEBUG_INFO = NO;
				SDKROOT = iphoneos;
				VALIDATE_PRODUCT = YES;
			};
			name = Release;
		};
		9BF2A7A41C72F32200C014D3 /* Debug */ = {
			isa = XCBuildConfiguration;
			baseConfigurationReference = A89E3EC23191666BE8C1258B /* Pods-OhNote.debug.xcconfig */;
			buildSettings = {
				ASSETCATALOG_COMPILER_APPICON_NAME = AppIcon;
				CLANG_ENABLE_MODULES = YES;
				DEFINES_MODULE = NO;
				FRAMEWORK_SEARCH_PATHS = "$(inherited)";
				INFOPLIST_FILE = OhNote/Info.plist;
				LD_RUNPATH_SEARCH_PATHS = "$(inherited) @executable_path/Frameworks";
				PRODUCT_BUNDLE_IDENTIFIER = me.zonly.OhNote;
				PRODUCT_NAME = "$(TARGET_NAME)";
				SWIFT_OBJC_BRIDGING_HEADER = "";
				SWIFT_OPTIMIZATION_LEVEL = "-Onone";
			};
			name = Debug;
		};
		9BF2A7A51C72F32200C014D3 /* Release */ = {
			isa = XCBuildConfiguration;
			baseConfigurationReference = 9595D002F38A18A7CB899EF0 /* Pods-OhNote.release.xcconfig */;
			buildSettings = {
				ASSETCATALOG_COMPILER_APPICON_NAME = AppIcon;
				CLANG_ENABLE_MODULES = YES;
				DEFINES_MODULE = NO;
				FRAMEWORK_SEARCH_PATHS = "$(inherited)";
				INFOPLIST_FILE = OhNote/Info.plist;
				LD_RUNPATH_SEARCH_PATHS = "$(inherited) @executable_path/Frameworks";
				PRODUCT_BUNDLE_IDENTIFIER = me.zonly.OhNote;
				PRODUCT_NAME = "$(TARGET_NAME)";
				SWIFT_OBJC_BRIDGING_HEADER = "";
			};
			name = Release;
		};
/* End XCBuildConfiguration section */

/* Begin XCConfigurationList section */
		9BF2A78C1C72F32200C014D3 /* Build configuration list for PBXProject "OhNote" */ = {
			isa = XCConfigurationList;
			buildConfigurations = (
				9BF2A7A11C72F32200C014D3 /* Debug */,
				9BF2A7A21C72F32200C014D3 /* Release */,
			);
			defaultConfigurationIsVisible = 0;
			defaultConfigurationName = Release;
		};
		9BF2A7A31C72F32200C014D3 /* Build configuration list for PBXNativeTarget "OhNote" */ = {
			isa = XCConfigurationList;
			buildConfigurations = (
				9BF2A7A41C72F32200C014D3 /* Debug */,
				9BF2A7A51C72F32200C014D3 /* Release */,
			);
			defaultConfigurationIsVisible = 0;
			defaultConfigurationName = Release;
		};
/* End XCConfigurationList section */
	};
	rootObject = 9BF2A7891C72F32200C014D3 /* Project object */;
}
